{
    "name": "deploy",
    "version": "0.0.1",
    "lockfileVersion": 3,
    "requires": true,
    "packages": {
        "": {
            "name": "deploy",
            "version": "0.0.1",
            "license": "MIT",
            "dependencies": {
                "dotenv": "^16.4.7"
            },
            "devDependencies": {
                "@vercel/ncc": "^0.38.3"
            },
            "engines": {
                "node": ">=20"
            }
        },
        "node_modules/@vercel/ncc": {
            "version": "0.38.3",
            "resolved": "https://registry.npmjs.org/@vercel/ncc/-/ncc-0.38.3.tgz",
            "integrity": "sha512-rnK6hJBS6mwc+Bkab+PGPs9OiS0i/3kdTO+CkI8V0/VrW3vmz7O2Pxjw/owOlmo6PKEIxRSeZKv/kuL9itnpYA==",
            "dev": true,
            "license": "MIT",
            "bin": {
                "ncc": "dist/ncc/cli.js"
            }
        },
        "node_modules/dotenv": {
            "version": "16.4.7",
            "resolved": "https://registry.npmjs.org/dotenv/-/dotenv-16.4.7.tgz",
            "integrity": "sha512-47qPchRCykZC03FhkYAhrvwU4xDBFIj1QPqaarj6mdM/hgUzfPHcpkHJOn3mJAufFeeAxAzeGsr5X0M4k6fLZQ==",
            "license": "BSD-2-Clause",
            "engines": {
                "node": ">=12"
            },
            "funding": {
                "url": "https://dotenvx.com"
            }
        }
    }
}
